// !$*UTF8*$!
{
	archiveVersion = 1;
	classes = {
	};
	objectVersion = 50;
	objects = {

/* Begin PBXBuildFile section */
		1C4CE52026DD1288009D9223 /* TableViewCell.swift in Sources */ = {isa = PBXBuildFile; fileRef = 1C4CE51F26DD1288009D9223 /* TableViewCell.swift */; };
		1C798FEB26D4FF2D00C364E2 /* Fetcher.swift in Sources */ = {isa = PBXBuildFile; fileRef = 1C798FEA26D4FF2D00C364E2 /* Fetcher.swift */; };
		1C798FEF26D55BBE00C364E2 /* RandomTextJson.swift in Sources */ = {isa = PBXBuildFile; fileRef = 1C798FEE26D55BBE00C364E2 /* RandomTextJson.swift */; };
		1CD622D326D3A3A900CF75A1 /* AppDelegate.swift in Sources */ = {isa = PBXBuildFile; fileRef = 1CD622D226D3A3A900CF75A1 /* AppDelegate.swift */; };
		1CD622D526D3A3A900CF75A1 /* SceneDelegate.swift in Sources */ = {isa = PBXBuildFile; fileRef = 1CD622D426D3A3A900CF75A1 /* SceneDelegate.swift */; };
		1CD622D726D3A3A900CF75A1 /* ViewController.swift in Sources */ = {isa = PBXBuildFile; fileRef = 1CD622D626D3A3A900CF75A1 /* ViewController.swift */; };
		1CD622DA26D3A3A900CF75A1 /* Main.storyboard in Resources */ = {isa = PBXBuildFile; fileRef = 1CD622D826D3A3A900CF75A1 /* Main.storyboard */; };
		1CD622DC26D3A3AA00CF75A1 /* Assets.xcassets in Resources */ = {isa = PBXBuildFile; fileRef = 1CD622DB26D3A3AA00CF75A1 /* Assets.xcassets */; };
		1CD622DF26D3A3AA00CF75A1 /* LaunchScreen.storyboard in Resources */ = {isa = PBXBuildFile; fileRef = 1CD622DD26D3A3AA00CF75A1 /* LaunchScreen.storyboard */; };
		1CD622E826D3A6A800CF75A1 /* FetchMugImages.swift in Sources */ = {isa = PBXBuildFile; fileRef = 1CD622E726D3A6A800CF75A1 /* FetchMugImages.swift */; };
		1CD622EE26D3ABC900CF75A1 /* ImageAndText.swift in Sources */ = {isa = PBXBuildFile; fileRef = 1CD622ED26D3ABC900CF75A1 /* ImageAndText.swift */; };
		1CD622F526D3E88000CF75A1 /* NetworkFetch.swift in Sources */ = {isa = PBXBuildFile; fileRef = 1CD622F426D3E88000CF75A1 /* NetworkFetch.swift */; };
		1CD622F926D419D800CF75A1 /* RandomImageJson.swift in Sources */ = {isa = PBXBuildFile; fileRef = 1CD622F826D419D800CF75A1 /* RandomImageJson.swift */; };
		1CF5D91E26D8F279008CFC10 /* FetcherDelegate.swift in Sources */ = {isa = PBXBuildFile; fileRef = 1CF5D91D26D8F279008CFC10 /* FetcherDelegate.swift */; };
/* End PBXBuildFile section */

/* Begin PBXFileReference section */
		1C4CE51F26DD1288009D9223 /* TableViewCell.swift */ = {isa = PBXFileReference; lastKnownFileType = sourcecode.swift; path = TableViewCell.swift; sourceTree = "<group>"; };
		1C798FEA26D4FF2D00C364E2 /* Fetcher.swift */ = {isa = PBXFileReference; lastKnownFileType = sourcecode.swift; path = Fetcher.swift; sourceTree = "<group>"; };
		1C798FEE26D55BBE00C364E2 /* RandomTextJson.swift */ = {isa = PBXFileReference; lastKnownFileType = sourcecode.swift; path = RandomTextJson.swift; sourceTree = "<group>"; };
		1CD622CF26D3A3A900CF75A1 /* testApp1.app */ = {isa = PBXFileReference; explicitFileType = wrapper.application; includeInIndex = 0; path = testApp1.app; sourceTree = BUILT_PRODUCTS_DIR; };
		1CD622D226D3A3A900CF75A1 /* AppDelegate.swift */ = {isa = PBXFileReference; lastKnownFileType = sourcecode.swift; path = AppDelegate.swift; sourceTree = "<group>"; };
		1CD622D426D3A3A900CF75A1 /* SceneDelegate.swift */ = {isa = PBXFileReference; lastKnownFileType = sourcecode.swift; path = SceneDelegate.swift; sourceTree = "<group>"; };
		1CD622D626D3A3A900CF75A1 /* ViewController.swift */ = {isa = PBXFileReference; lastKnownFileType = sourcecode.swift; path = ViewController.swift; sourceTree = "<group>"; };
		1CD622D926D3A3A900CF75A1 /* Base */ = {isa = PBXFileReference; lastKnownFileType = file.storyboard; name = Base; path = Base.lproj/Main.storyboard; sourceTree = "<group>"; };
		1CD622DB26D3A3AA00CF75A1 /* Assets.xcassets */ = {isa = PBXFileReference; lastKnownFileType = folder.assetcatalog; path = Assets.xcassets; sourceTree = "<group>"; };
		1CD622DE26D3A3AA00CF75A1 /* Base */ = {isa = PBXFileReference; lastKnownFileType = file.storyboard; name = Base; path = Base.lproj/LaunchScreen.storyboard; sourceTree = "<group>"; };
		1CD622E026D3A3AA00CF75A1 /* Info.plist */ = {isa = PBXFileReference; lastKnownFileType = text.plist.xml; path = Info.plist; sourceTree = "<group>"; };
		1CD622E726D3A6A800CF75A1 /* FetchMugImages.swift */ = {isa = PBXFileReference; lastKnownFileType = sourcecode.swift; path = FetchMugImages.swift; sourceTree = "<group>"; };
		1CD622ED26D3ABC900CF75A1 /* ImageAndText.swift */ = {isa = PBXFileReference; lastKnownFileType = sourcecode.swift; path = ImageAndText.swift; sourceTree = "<group>"; };
		1CD622F426D3E88000CF75A1 /* NetworkFetch.swift */ = {isa = PBXFileReference; lastKnownFileType = sourcecode.swift; path = NetworkFetch.swift; sourceTree = "<group>"; };
		1CD622F826D419D800CF75A1 /* RandomImageJson.swift */ = {isa = PBXFileReference; lastKnownFileType = sourcecode.swift; path = RandomImageJson.swift; sourceTree = "<group>"; };
		1CF5D91D26D8F279008CFC10 /* FetcherDelegate.swift */ = {isa = PBXFileReference; lastKnownFileType = sourcecode.swift; path = FetcherDelegate.swift; sourceTree = "<group>"; };
/* End PBXFileReference section */

/* Begin PBXFrameworksBuildPhase section */
		1CD622CC26D3A3A900CF75A1 /* Frameworks */ = {
			isa = PBXFrameworksBuildPhase;
			buildActionMask = 2147483647;
			files = (
			);
			runOnlyForDeploymentPostprocessing = 0;
		};
/* End PBXFrameworksBuildPhase section */

/* Begin PBXGroup section */
		1CD622C626D3A3A900CF75A1 = {
			isa = PBXGroup;
			children = (
				1CD622D126D3A3A900CF75A1 /* testApp1 */,
				1CD622D026D3A3A900CF75A1 /* Products */,
			);
			sourceTree = "<group>";
		};
		1CD622D026D3A3A900CF75A1 /* Products */ = {
			isa = PBXGroup;
			children = (
				1CD622CF26D3A3A900CF75A1 /* testApp1.app */,
			);
			name = Products;
			sourceTree = "<group>";
		};
		1CD622D126D3A3A900CF75A1 /* testApp1 */ = {
			isa = PBXGroup;
			children = (
				1CD622F726D419A800CF75A1 /* Models */,
				1CD622D226D3A3A900CF75A1 /* AppDelegate.swift */,
				1CD622D426D3A3A900CF75A1 /* SceneDelegate.swift */,
				1CD622D626D3A3A900CF75A1 /* ViewController.swift */,
				1C4CE51F26DD1288009D9223 /* TableViewCell.swift */,
				1CD622D826D3A3A900CF75A1 /* Main.storyboard */,
				1CD622DB26D3A3AA00CF75A1 /* Assets.xcassets */,
				1CD622DD26D3A3AA00CF75A1 /* LaunchScreen.storyboard */,
				1CD622E026D3A3AA00CF75A1 /* Info.plist */,
				1CD622E726D3A6A800CF75A1 /* FetchMugImages.swift */,
				1CD622F426D3E88000CF75A1 /* NetworkFetch.swift */,
			);
			path = testApp1;
			sourceTree = "<group>";
		};
		1CD622F726D419A800CF75A1 /* Models */ = {
			isa = PBXGroup;
			children = (
				1CD622ED26D3ABC900CF75A1 /* ImageAndText.swift */,
				1CD622F826D419D800CF75A1 /* RandomImageJson.swift */,
				1C798FEE26D55BBE00C364E2 /* RandomTextJson.swift */,
				1C798FEA26D4FF2D00C364E2 /* Fetcher.swift */,
				1CF5D91D26D8F279008CFC10 /* FetcherDelegate.swift */,
			);
			path = Models;
			sourceTree = "<group>";
		};
/* End PBXGroup section */

/* Begin PBXNativeTarget section */
		1CD622CE26D3A3A900CF75A1 /* testApp1 */ = {
			isa = PBXNativeTarget;
			buildConfigurationList = 1CD622E326D3A3AA00CF75A1 /* Build configuration list for PBXNativeTarget "testApp1" */;
			buildPhases = (
				1CD622CB26D3A3A900CF75A1 /* Sources */,
				1CD622CC26D3A3A900CF75A1 /* Frameworks */,
				1CD622CD26D3A3A900CF75A1 /* Resources */,
			);
			buildRules = (
			);
			dependencies = (
			);
			name = testApp1;
			productName = testApp1;
			productReference = 1CD622CF26D3A3A900CF75A1 /* testApp1.app */;
			productType = "com.apple.product-type.application";
		};
/* End PBXNativeTarget section */

/* Begin PBXProject section */
		1CD622C726D3A3A900CF75A1 /* Project object */ = {
			isa = PBXProject;
			attributes = {
				LastSwiftUpdateCheck = 1240;
				LastUpgradeCheck = 1240;
				TargetAttributes = {
					1CD622CE26D3A3A900CF75A1 = {
						CreatedOnToolsVersion = 12.4;
					};
				};
			};
			buildConfigurationList = 1CD622CA26D3A3A900CF75A1 /* Build configuration list for PBXProject "testApp1" */;
			compatibilityVersion = "Xcode 9.3";
			developmentRegion = en;
			hasScannedForEncodings = 0;
			knownRegions = (
				en,
				Base,
			);
			mainGroup = 1CD622C626D3A3A900CF75A1;
			productRefGroup = 1CD622D026D3A3A900CF75A1 /* Products */;
			projectDirPath = "";
			projectRoot = "";
			targets = (
				1CD622CE26D3A3A900CF75A1 /* testApp1 */,
			);
		};
/* End PBXProject section */

/* Begin PBXResourcesBuildPhase section */
		1CD622CD26D3A3A900CF75A1 /* Resources */ = {
			isa = PBXResourcesBuildPhase;
			buildActionMask = 2147483647;
			files = (
				1CD622DF26D3A3AA00CF75A1 /* LaunchScreen.storyboard in Resources */,
				1CD622DC26D3A3AA00CF75A1 /* Assets.xcassets in Resources */,
				1CD622DA26D3A3A900CF75A1 /* Main.storyboard in Resources */,
			);
			runOnlyForDeploymentPostprocessing = 0;
		};
/* End PBXResourcesBuildPhase section */

/* Begin PBXSourcesBuildPhase section */
		1CD622CB26D3A3A900CF75A1 /* Sources */ = {
			isa = PBXSourcesBuildPhase;
			buildActionMask = 2147483647;
			files = (
				1CD622D726D3A3A900CF75A1 /* ViewController.swift in Sources */,
				1CD622F526D3E88000CF75A1 /* NetworkFetch.swift in Sources */,
				1C798FEF26D55BBE00C364E2 /* RandomTextJson.swift in Sources */,
				1CD622E826D3A6A800CF75A1 /* FetchMugImages.swift in Sources */,
				1CF5D91E26D8F279008CFC10 /* FetcherDelegate.swift in Sources */,
				1CD622F926D419D800CF75A1 /* RandomImageJson.swift in Sources */,
				1C4CE52026DD1288009D9223 /* TableViewCell.swift in Sources */,
				1CD622D326D3A3A900CF75A1 /* AppDelegate.swift in Sources */,
				1CD622EE26D3ABC900CF75A1 /* ImageAndText.swift in Sources */,
				1CD622D526D3A3A900CF75A1 /* SceneDelegate.swift in Sources */,
				1C798FEB26D4FF2D00C364E2 /* Fetcher.swift in Sources */,
			);
			runOnlyForDeploymentPostprocessing = 0;
		};
/* End PBXSourcesBuildPhase section */

/* Begin PBXVariantGroup section */
		1CD622D826D3A3A900CF75A1 /* Main.storyboard */ = {
			isa = PBXVariantGroup;
			children = (
				1CD622D926D3A3A900CF75A1 /* Base */,
			);
			name = Main.storyboard;
			sourceTree = "<group>";
		};
		1CD622DD26D3A3AA00CF75A1 /* LaunchScreen.storyboard */ = {
			isa = PBXVariantGroup;
			children = (
				1CD622DE26D3A3AA00CF75A1 /* Base */,
			);
			name = LaunchScreen.storyboard;
			sourceTree = "<group>";
		};
/* End PBXVariantGroup section */

/* Begin XCBuildConfiguration section */
		1CD622E126D3A3AA00CF75A1 /* Debug */ = {
			isa = XCBuildConfiguration;
			buildSettings = {
				ALWAYS_SEARCH_USER_PATHS = NO;
				CLANG_ANALYZER_NONNULL = YES;
				CLANG_ANALYZER_NUMBER_OBJECT_CONVERSION = YES_AGGRESSIVE;
				CLANG_CXX_LANGUAGE_STANDARD = "gnu++14";
				CLANG_CXX_LIBRARY = "libc++";
				CLANG_ENABLE_MODULES = YES;
				CLANG_ENABLE_OBJC_ARC = YES;
				CLANG_ENABLE_OBJC_WEAK = YES;
				CLANG_WARN_BLOCK_CAPTURE_AUTORELEASING = YES;
				CLANG_WARN_BOOL_CONVERSION = YES;
				CLANG_WARN_COMMA = YES;
				CLANG_WARN_CONSTANT_CONVERSION = YES;
				CLANG_WARN_DEPRECATED_OBJC_IMPLEMENTATIONS = YES;
				CLANG_WARN_DIRECT_OBJC_ISA_USAGE = YES_ERROR;
				CLANG_WARN_DOCUMENTATION_COMMENTS = YES;
				CLANG_WARN_EMPTY_BODY = YES;
				CLANG_WARN_ENUM_CONVERSION = YES;
				CLANG_WARN_INFINITE_RECURSION = YES;
				CLANG_WARN_INT_CONVERSION = YES;
				CLANG_WARN_NON_LITERAL_NULL_CONVERSION = YES;
				CLANG_WARN_OBJC_IMPLICIT_RETAIN_SELF = YES;
				CLANG_WARN_OBJC_LITERAL_CONVERSION = YES;
				CLANG_WARN_OBJC_ROOT_CLASS = YES_ERROR;
				CLANG_WARN_QUOTED_INCLUDE_IN_FRAMEWORK_HEADER = YES;
				CLANG_WARN_RANGE_LOOP_ANALYSIS = YES;
				CLANG_WARN_STRICT_PROTOTYPES = YES;
				CLANG_WARN_SUSPICIOUS_MOVE = YES;
				CLANG_WARN_UNGUARDED_AVAILABILITY = YES_AGGRESSIVE;
				CLANG_WARN_UNREACHABLE_CODE = YES;
				CLANG_WARN__DUPLICATE_METHOD_MATCH = YES;
				COPY_PHASE_STRIP = NO;
				DEBUG_INFORMATION_FORMAT = dwarf;
				ENABLE_STRICT_OBJC_MSGSEND = YES;
				ENABLE_TESTABILITY = YES;
				GCC_C_LANGUAGE_STANDARD = gnu11;
				GCC_DYNAMIC_NO_PIC = NO;
				GCC_NO_COMMON_BLOCKS = YES;
				GCC_OPTIMIZATION_LEVEL = 0;
				GCC_PREPROCESSOR_DEFINITIONS = (
					"DEBUG=1",
					"$(inherited)",
				);
				GCC_WARN_64_TO_32_BIT_CONVERSION = YES;
				GCC_WARN_ABOUT_RETURN_TYPE = YES_ERROR;
				GCC_WARN_UNDECLARED_SELECTOR = YES;
				GCC_WARN_UNINITIALIZED_AUTOS = YES_AGGRESSIVE;
				GCC_WARN_UNUSED_FUNCTION = YES;
				GCC_WARN_UNUSED_VARIABLE = YES;
				IPHONEOS_DEPLOYMENT_TARGET = 14.4;
				MTL_ENABLE_DEBUG_INFO = INCLUDE_SOURCE;
				MTL_FAST_MATH = YES;
				ONLY_ACTIVE_ARCH = YES;
				SDKROOT = iphoneos;
				SWIFT_ACTIVE_COMPILATION_CONDITIONS = DEBUG;
				SWIFT_OPTIMIZATION_LEVEL = "-Onone";
			};
			name = Debug;
		};
		1CD622E226D3A3AA00CF75A1 /* Release */ = {
			isa = XCBuildConfiguration;
			buildSettings = {
				ALWAYS_SEARCH_USER_PATHS = NO;
				CLANG_ANALYZER_NONNULL = YES;
				CLANG_ANALYZER_NUMBER_OBJECT_CONVERSION = YES_AGGRESSIVE;
				CLANG_CXX_LANGUAGE_STANDARD = "gnu++14";
				CLANG_CXX_LIBRARY = "libc++";
				CLANG_ENABLE_MODULES = YES;
				CLANG_ENABLE_OBJC_ARC = YES;
				CLANG_ENABLE_OBJC_WEAK = YES;
				CLANG_WARN_BLOCK_CAPTURE_AUTORELEASING = YES;
				CLANG_WARN_BOOL_CONVERSION = YES;
				CLANG_WARN_COMMA = YES;
				CLANG_WARN_CONSTANT_CONVERSION = YES;
				CLANG_WARN_DEPRECATED_OBJC_IMPLEMENTATIONS = YES;
				CLANG_WARN_DIRECT_OBJC_ISA_USAGE = YES_ERROR;
				CLANG_WARN_DOCUMENTATION_COMMENTS = YES;
				CLANG_WARN_EMPTY_BODY = YES;
				CLANG_WARN_ENUM_CONVERSION = YES;
				CLANG_WARN_INFINITE_RECURSION = YES;
				CLANG_WARN_INT_CONVERSION = YES;
				CLANG_WARN_NON_LITERAL_NULL_CONVERSION = YES;
				CLANG_WARN_OBJC_IMPLICIT_RETAIN_SELF = YES;
				CLANG_WARN_OBJC_LITERAL_CONVERSION = YES;
				CLANG_WARN_OBJC_ROOT_CLASS = YES_ERROR;
				CLANG_WARN_QUOTED_INCLUDE_IN_FRAMEWORK_HEADER = YES;
				CLANG_WARN_RANGE_LOOP_ANALYSIS = YES;
				CLANG_WARN_STRICT_PROTOTYPES = YES;
				CLANG_WARN_SUSPICIOUS_MOVE = YES;
				CLANG_WARN_UNGUARDED_AVAILABILITY = YES_AGGRESSIVE;
				CLANG_WARN_UNREACHABLE_CODE = YES;
				CLANG_WARN__DUPLICATE_METHOD_MATCH = YES;
				COPY_PHASE_STRIP = NO;
				DEBUG_INFORMATION_FORMAT = "dwarf-with-dsym";
				ENABLE_NS_ASSERTIONS = NO;
				ENABLE_STRICT_OBJC_MSGSEND = YES;
				GCC_C_LANGUAGE_STANDARD = gnu11;
				GCC_NO_COMMON_BLOCKS = YES;
				GCC_WARN_64_TO_32_BIT_CONVERSION = YES;
				GCC_WARN_ABOUT_RETURN_TYPE = YES_ERROR;
				GCC_WARN_UNDECLARED_SELECTOR = YES;
				GCC_WARN_UNINITIALIZED_AUTOS = YES_AGGRESSIVE;
				GCC_WARN_UNUSED_FUNCTION = YES;
				GCC_WARN_UNUSED_VARIABLE = YES;
				IPHONEOS_DEPLOYMENT_TARGET = 14.4;
				MTL_ENABLE_DEBUG_INFO = NO;
				MTL_FAST_MATH = YES;
				SDKROOT = iphoneos;
				SWIFT_COMPILATION_MODE = wholemodule;
				SWIFT_OPTIMIZATION_LEVEL = "-O";
				VALIDATE_PRODUCT = YES;
			};
			name = Release;
		};
		1CD622E426D3A3AA00CF75A1 /* Debug */ = {
			isa = XCBuildConfiguration;
			buildSettings = {
				ASSETCATALOG_COMPILER_APPICON_NAME = AppIcon;
				ASSETCATALOG_COMPILER_GLOBAL_ACCENT_COLOR_NAME = AccentColor;
				CODE_SIGN_IDENTITY = "Apple Development";
				CODE_SIGN_STYLE = Automatic;
				DEVELOPMENT_TEAM = 2BX8YUDA2X;
				INFOPLIST_FILE = testApp1/Info.plist;
				LD_RUNPATH_SEARCH_PATHS = (
					"$(inherited)",
					"@executable_path/Frameworks",
				);
				PRODUCT_BUNDLE_IDENTIFIER = com.ivanov.testApp1;
				PRODUCT_NAME = "$(TARGET_NAME)";
				PROVISIONING_PROFILE_SPECIFIER = "";
				SWIFT_VERSION = 5.0;
				TARGETED_DEVICE_FAMILY = "1,2";
			};
			name = Debug;
		};
		1CD622E526D3A3AA00CF75A1 /* Release */ = {
			isa = XCBuildConfiguration;
			buildSettings = {
				ASSETCATALOG_COMPILER_APPICON_NAME = AppIcon;
				ASSETCATALOG_COMPILER_GLOBAL_ACCENT_COLOR_NAME = AccentColor;
				CODE_SIGN_IDENTITY = "Apple Development";
				CODE_SIGN_STYLE = Automatic;
				DEVELOPMENT_TEAM = 2BX8YUDA2X;
				INFOPLIST_FILE = testApp1/Info.plist;
				LD_RUNPATH_SEARCH_PATHS = (
					"$(inherited)",
					"@executable_path/Frameworks",
				);
				PRODUCT_BUNDLE_IDENTIFIER = com.ivanov.testApp1;
				PRODUCT_NAME = "$(TARGET_NAME)";
				PROVISIONING_PROFILE_SPECIFIER = "";
				SWIFT_VERSION = 5.0;
				TARGETED_DEVICE_FAMILY = "1,2";
			};
			name = Release;
		};
/* End XCBuildConfiguration section */

/* Begin XCConfigurationList section */
		1CD622CA26D3A3A900CF75A1 /* Build configuration list for PBXProject "testApp1" */ = {
			isa = XCConfigurationList;
			buildConfigurations = (
				1CD622E126D3A3AA00CF75A1 /* Debug */,
				1CD622E226D3A3AA00CF75A1 /* Release */,
			);
			defaultConfigurationIsVisible = 0;
			defaultConfigurationName = Release;
		};
		1CD622E326D3A3AA00CF75A1 /* Build configuration list for PBXNativeTarget "testApp1" */ = {
			isa = XCConfigurationList;
			buildConfigurations = (
				1CD622E426D3A3AA00CF75A1 /* Debug */,
				1CD622E526D3A3AA00CF75A1 /* Release */,
			);
			defaultConfigurationIsVisible = 0;
			defaultConfigurationName = Release;
		};
/* End XCConfigurationList section */
	};
	rootObject = 1CD622C726D3A3A900CF75A1 /* Project object */;
}
